
Microsoft Visual Studio Solution File, Format Version 12.00
# Visual Studio Version 17
VisualStudioVersion = 17.9.34622.214
MinimumVisualStudioVersion = 10.0.40219.1
Project("{9A19103F-16F7-4668-BE54-9A1E7A4F7556}") = "MarketPlace", "MarketPlace\MarketPlace.csproj", "{0BCDB874-F3F5-4B64-9CE5-1ADB2FD217A8}"
EndProject
Project("{9A19103F-16F7-4668-BE54-9A1E7A4F7556}") = "MarketPlace.Core", "MarketPlace.Core\MarketPlace.Core.csproj", "{2722768D-DD34-4E15-A15C-A7978581514B}"
EndProject
Project("{9A19103F-16F7-4668-BE54-9A1E7A4F7556}") = "MarketPlace.Infrastructure", "MarketPlace.Infrastructure\MarketPlace.Infrastructure.csproj", "{882D5002-5556-4143-A60D-E24FA6D57A01}"
EndProject
Project("{FAE04EC0-301F-11D3-BF4B-00C04F79EFBC}") = "MarketPlace.Tests", "MarketPlace.Tests\MarketPlace.Tests.csproj", "{08B1CDC1-A18D-4A6F-83E2-5346A6DD320E}"
EndProject
Global
	GlobalSection(SolutionConfigurationPlatforms) = preSolution
		Debug|Any CPU = Debug|Any CPU
		Release|Any CPU = Release|Any CPU
	EndGlobalSection
	GlobalSection(ProjectConfigurationPlatforms) = postSolution
		{0BCDB874-F3F5-4B64-9CE5-1ADB2FD217A8}.Debug|Any CPU.ActiveCfg = Debug|Any CPU
		{0BCDB874-F3F5-4B64-9CE5-1ADB2FD217A8}.Debug|Any CPU.Build.0 = Debug|Any CPU
		{0BCDB874-F3F5-4B64-9CE5-1ADB2FD217A8}.Release|Any CPU.ActiveCfg = Release|Any CPU
		{0BCDB874-F3F5-4B64-9CE5-1ADB2FD217A8}.Release|Any CPU.Build.0 = Release|Any CPU
		{2722768D-DD34-4E15-A15C-A7978581514B}.Debug|Any CPU.ActiveCfg = Debug|Any CPU
		{2722768D-DD34-4E15-A15C-A7978581514B}.Debug|Any CPU.Build.0 = Debug|Any CPU
		{2722768D-DD34-4E15-A15C-A7978581514B}.Release|Any CPU.ActiveCfg = Release|Any CPU
		{2722768D-DD34-4E15-A15C-A7978581514B}.Release|Any CPU.Build.0 = Release|Any CPU
		{882D5002-5556-4143-A60D-E24FA6D57A01}.Debug|Any CPU.ActiveCfg = Debug|Any CPU
		{882D5002-5556-4143-A60D-E24FA6D57A01}.Debug|Any CPU.Build.0 = Debug|Any CPU
		{882D5002-5556-4143-A60D-E24FA6D57A01}.Release|Any CPU.ActiveCfg = Release|Any CPU
		{882D5002-5556-4143-A60D-E24FA6D57A01}.Release|Any CPU.Build.0 = Release|Any CPU
		{08B1CDC1-A18D-4A6F-83E2-5346A6DD320E}.Debug|Any CPU.ActiveCfg = Debug|Any CPU
		{08B1CDC1-A18D-4A6F-83E2-5346A6DD320E}.Debug|Any CPU.Build.0 = Debug|Any CPU
		{08B1CDC1-A18D-4A6F-83E2-5346A6DD320E}.Release|Any CPU.ActiveCfg = Release|Any CPU
		{08B1CDC1-A18D-4A6F-83E2-5346A6DD320E}.Release|Any CPU.Build.0 = Release|Any CPU
	EndGlobalSection
	GlobalSection(SolutionProperties) = preSolution
		HideSolutionNode = FALSE
	EndGlobalSection
	GlobalSection(ExtensibilityGlobals) = postSolution
		SolutionGuid = {E2919899-7348-4528-A926-DEFE2B6B05A3}
	EndGlobalSection
EndGlobal
